{
  "name": "laas",
  "version": "1.0.0",
  "lockfileVersion": 1,
  "requires": true,
  "dependencies": {
    "@fortawesome/fontawesome-free": {
      "version": "5.12.0",
      "resolved": "https://registry.npmjs.org/@fortawesome/fontawesome-free/-/fontawesome-free-5.12.0.tgz",
      "integrity": "sha512-vKDJUuE2GAdBERaQWmmtsciAMzjwNrROXA5KTGSZvayAsmuTGjam5z6QNqNPCwDfVljLWuov1nEC3mEQf/n6fQ=="
    },
    "bootstrap": {
      "version": "4.4.1",
      "resolved": "https://registry.npmjs.org/bootstrap/-/bootstrap-4.4.1.tgz",
      "integrity": "sha512-tbx5cHubwE6e2ZG7nqM3g/FZ5PQEDMWmMGNrCUBVRPHXTJaH7CBDdsLeu3eCh3B1tzAxTnAbtmrzvWEvT2NNEA=="
    },
    "datatables.net": {
      "version": "1.10.20",
      "resolved": "https://registry.npmjs.org/datatables.net/-/datatables.net-1.10.20.tgz",
      "integrity": "sha512-4E4S7tTU607N3h0fZPkGmAtr9mwy462u+VJ6gxYZ8MxcRIjZqHy3Dv1GNry7i3zQCktTdWbULVKBbkAJkuHEnQ==",
      "requires": {
        "jquery": "3.4.1"
      }
    },
    "datatables.net-bs4": {
      "version": "1.10.20",
      "resolved": "https://registry.npmjs.org/datatables.net-bs4/-/datatables.net-bs4-1.10.20.tgz",
      "integrity": "sha512-kQmMUMsHMOlAW96ztdoFqjSbLnlGZQ63iIM82kHbmldsfYdzuyhbb4hTx6YNBi481WCO3iPSvI6YodNec46ZAw==",
      "requires": {
        "datatables.net": "1.10.20",
        "jquery": "3.4.1"
      }
    },
    "datatables.net-responsive": {
      "version": "2.2.3",
      "resolved": "https://registry.npmjs.org/datatables.net-responsive/-/datatables.net-responsive-2.2.3.tgz",
      "integrity": "sha512-8D6VtZcyuH3FG0Hn5A4LPZQEOX3+HrRFM7HjpmsQc/nQDBbdeBLkJX4Sh/o1nzFTSneuT1Wh/lYZHVPpjcN+Sw==",
      "requires": {
        "datatables.net": "1.10.20",
        "jquery": "3.4.1"
      }
    },
    "datatables.net-responsive-bs4": {
      "version": "2.2.3",
      "resolved": "https://registry.npmjs.org/datatables.net-responsive-bs4/-/datatables.net-responsive-bs4-2.2.3.tgz",
      "integrity": "sha512-SQaWI0uLuPcaiBBin9zX+MuQfTSIkK1bYxbXqUV6NLkHCVa6PMQK7Rvftj0ywG4R7uOtjbzY8nSVqxEKvQI0Vg==",
      "requires": {
        "datatables.net-bs4": "1.10.20",
        "datatables.net-responsive": "2.2.3",
        "jquery": "3.4.1"
      }
    },
    "jquery": {
      "version": "3.4.1",
      "resolved": "https://registry.npmjs.org/jquery/-/jquery-3.4.1.tgz",
      "integrity": "sha512-36+AdBzCL+y6qjw5Tx7HgzeGCzC81MDDgaUP8ld2zhx58HdqXGoBd+tHdrBMiyjGQs0Hxs/MLZTu/eHNJJuWPw=="
    },
    "mxgraph": {
      "version": "4.0.6",
      "resolved": "https://registry.npmjs.org/mxgraph/-/mxgraph-4.0.6.tgz",
      "integrity": "sha512-5XZXeAkA4k6n4BS05Fxd2cNhMw+3dnlRqAaLtsuXdT0g8BvvEa1VT4jjuGtUW4QTt38Q+I2Dr/3EWiAaGRfAXw=="
    },
    "plotly.js-dist": {
      "version": "1.51.3",
      "resolved": "https://registry.npmjs.org/plotly.js-dist/-/plotly.js-dist-1.51.3.tgz",
      "integrity": "sha512-Bxz0XBg963gpnbt7FVPEhYvT33JsaKa0hEozXBnQZkiKtsiM2M1lZN6tkEHmq6o1N2K6qJXFtdzCXbZ/hLGV0Q=="
    },
    "popper.js": {
      "version": "1.16.0",
      "resolved": "https://registry.npmjs.org/popper.js/-/popper.js-1.16.0.tgz",
      "integrity": "sha512-+G+EkOPoE5S/zChTpmBSSDYmhXJ5PsW8eMhH8cP/CQHMFPBG/kC9Y5IIw6qNYgdJ+/COf0ddY2li28iHaZRSjw=="
    }
  }
}
